{
  "name": "test-hub",
  "lockfileVersion": 3,
  "requires": true,
  "packages": {
    "": {
      "dependencies": {
        "@dotenvx/dotenvx": "../../../../dotenvx"
      }
    },
    "../../..": {},
    "node_modules/@dotenvx/dotenvx": {
      "resolved": "../../..",
      "link": true
    }
  }
}
